
Microsoft Visual Studio Solution File, Format Version 12.00
# Visual Studio Version 17
VisualStudioVersion = 17.1.32407.343
MinimumVisualStudioVersion = 10.0.40219.1
Project("{FAE04EC0-301F-11D3-BF4B-00C04F79EFBC}") = "AOC", "AOC.csproj", "{17D6C74D-0238-4BF8-9695-843BF8FF716A}"
EndProject
Global
	GlobalSection(SolutionConfigurationPlatforms) = preSolution
		Debug|Any CPU = Debug|Any CPU
		Release|Any CPU = Release|Any CPU
	EndGlobalSection
	GlobalSection(ProjectConfigurationPlatforms) = postSolution
		{17D6C74D-0238-4BF8-9695-843BF8FF716A}.Debug|Any CPU.ActiveCfg = Debug|Any CPU
		{17D6C74D-0238-4BF8-9695-843BF8FF716A}.Debug|Any CPU.Build.0 = Debug|Any CPU
		{17D6C74D-0238-4BF8-9695-843BF8FF716A}.Release|Any CPU.ActiveCfg = Release|Any CPU
		{17D6C74D-0238-4BF8-9695-843BF8FF716A}.Release|Any CPU.Build.0 = Release|Any CPU
	EndGlobalSection
	GlobalSection(SolutionProperties) = preSolution
		HideSolutionNode = FALSE
	EndGlobalSection
	GlobalSection(ExtensibilityGlobals) = postSolution
		SolutionGuid = {432DC98F-4721-4D7D-8F2A-3F52980EB94D}
	EndGlobalSection
EndGlobal
